
Microsoft Visual Studio Solution File, Format Version 12.00
# Visual Studio Version 17
VisualStudioVersion = 17.8.34525.116
MinimumVisualStudioVersion = 10.0.40219.1
Project("{FAE04EC0-301F-11D3-BF4B-00C04F79EFBC}") = "HangMen", "HangMen.csproj", "{1B2B06D0-9688-4CC0-BE65-A9998499D6AF}"
EndProject
Global
	GlobalSection(SolutionConfigurationPlatforms) = preSolution
		Debug|Any CPU = Debug|Any CPU
		Release|Any CPU = Release|Any CPU
	EndGlobalSection
	GlobalSection(ProjectConfigurationPlatforms) = postSolution
		{1B2B06D0-9688-4CC0-BE65-A9998499D6AF}.Debug|Any CPU.ActiveCfg = Debug|Any CPU
		{1B2B06D0-9688-4CC0-BE65-A9998499D6AF}.Debug|Any CPU.Build.0 = Debug|Any CPU
		{1B2B06D0-9688-4CC0-BE65-A9998499D6AF}.Release|Any CPU.ActiveCfg = Release|Any CPU
		{1B2B06D0-9688-4CC0-BE65-A9998499D6AF}.Release|Any CPU.Build.0 = Release|Any CPU
	EndGlobalSection
	GlobalSection(SolutionProperties) = preSolution
		HideSolutionNode = FALSE
	EndGlobalSection
	GlobalSection(ExtensibilityGlobals) = postSolution
		SolutionGuid = {0D29CEB1-E99F-428A-A714-EB83F9AA51AE}
	EndGlobalSection
EndGlobal
